
Microsoft Visual Studio Solution File, Format Version 12.00
# Visual Studio Version 17
VisualStudioVersion = 17.9.34723.18
MinimumVisualStudioVersion = 10.0.40219.1
Project("{FAE04EC0-301F-11D3-BF4B-00C04F79EFBC}") = "AIShell", "AIShell\AIShell.csproj", "{DC530380-5272-4624-9FFB-01CE8127EFD1}"
EndProject
Project("{FAE04EC0-301F-11D3-BF4B-00C04F79EFBC}") = "AIShell.Domain", "AIShell.Doamin\AIShell.Domain.csproj", "{0DC830EE-64E4-476F-B433-9DD0E47F399F}"
EndProject
Project("{2150E333-8FDC-42A3-9474-1A3956D46DE8}") = "解决方案项", "解决方案项", "{81FCED7B-7D42-4BFD-9C70-3FE947494188}"
	ProjectSection(SolutionItems) = preProject
		Directory.Build.props = Directory.Build.props
	EndProjectSection
EndProject
Global
	GlobalSection(SolutionConfigurationPlatforms) = preSolution
		Debug|Any CPU = Debug|Any CPU
		Release|Any CPU = Release|Any CPU
	EndGlobalSection
	GlobalSection(ProjectConfigurationPlatforms) = postSolution
		{DC530380-5272-4624-9FFB-01CE8127EFD1}.Debug|Any CPU.ActiveCfg = Debug|Any CPU
		{DC530380-5272-4624-9FFB-01CE8127EFD1}.Debug|Any CPU.Build.0 = Debug|Any CPU
		{DC530380-5272-4624-9FFB-01CE8127EFD1}.Release|Any CPU.ActiveCfg = Release|Any CPU
		{DC530380-5272-4624-9FFB-01CE8127EFD1}.Release|Any CPU.Build.0 = Release|Any CPU
		{0DC830EE-64E4-476F-B433-9DD0E47F399F}.Debug|Any CPU.ActiveCfg = Debug|Any CPU
		{0DC830EE-64E4-476F-B433-9DD0E47F399F}.Debug|Any CPU.Build.0 = Debug|Any CPU
		{0DC830EE-64E4-476F-B433-9DD0E47F399F}.Release|Any CPU.ActiveCfg = Release|Any CPU
		{0DC830EE-64E4-476F-B433-9DD0E47F399F}.Release|Any CPU.Build.0 = Release|Any CPU
	EndGlobalSection
	GlobalSection(SolutionProperties) = preSolution
		HideSolutionNode = FALSE
	EndGlobalSection
	GlobalSection(ExtensibilityGlobals) = postSolution
		SolutionGuid = {89D0DF71-5237-46E1-B194-2B43C676FB03}
	EndGlobalSection
EndGlobal
